
Microsoft Visual Studio Solution File, Format Version 12.00
# Visual Studio Version 17
VisualStudioVersion = 17.5.33502.453
MinimumVisualStudioVersion = 10.0.40219.1
Project("{FAE04EC0-301F-11D3-BF4B-00C04F79EFBC}") = "Bibliotekarz.App", "Bibliotekarz.App\Bibliotekarz.App.csproj", "{C098DAAC-052E-404D-9637-3643E45A42A7}"
EndProject
Project("{FAE04EC0-301F-11D3-BF4B-00C04F79EFBC}") = "Bibliotekarz.Data", "Bibliotekarz.Data\Bibliotekarz.Data.csproj", "{4D3E90CA-1CAD-473F-A586-1DFA30FD14BD}"
EndProject
Global
	GlobalSection(SolutionConfigurationPlatforms) = preSolution
		Debug|Any CPU = Debug|Any CPU
		Release|Any CPU = Release|Any CPU
	EndGlobalSection
	GlobalSection(ProjectConfigurationPlatforms) = postSolution
		{C098DAAC-052E-404D-9637-3643E45A42A7}.Debug|Any CPU.ActiveCfg = Debug|Any CPU
		{C098DAAC-052E-404D-9637-3643E45A42A7}.Debug|Any CPU.Build.0 = Debug|Any CPU
		{C098DAAC-052E-404D-9637-3643E45A42A7}.Release|Any CPU.ActiveCfg = Release|Any CPU
		{C098DAAC-052E-404D-9637-3643E45A42A7}.Release|Any CPU.Build.0 = Release|Any CPU
		{4D3E90CA-1CAD-473F-A586-1DFA30FD14BD}.Debug|Any CPU.ActiveCfg = Debug|Any CPU
		{4D3E90CA-1CAD-473F-A586-1DFA30FD14BD}.Debug|Any CPU.Build.0 = Debug|Any CPU
		{4D3E90CA-1CAD-473F-A586-1DFA30FD14BD}.Release|Any CPU.ActiveCfg = Release|Any CPU
		{4D3E90CA-1CAD-473F-A586-1DFA30FD14BD}.Release|Any CPU.Build.0 = Release|Any CPU
	EndGlobalSection
	GlobalSection(SolutionProperties) = preSolution
		HideSolutionNode = FALSE
	EndGlobalSection
	GlobalSection(ExtensibilityGlobals) = postSolution
		SolutionGuid = {8605BEDB-8DC8-4C76-94ED-143FA028C616}
	EndGlobalSection
EndGlobal
